version = 1
revision = 3
requires-python = ">=3.13"

[[package]]
name = "asgiref"
version = "3.11.1"
source = { registry = "https://pypi.org/simple" }
sdist = { url = "https://files.pythonhosted.org/packages/63/40/f03da1264ae8f7cfdbf9146542e5e7e8100a4c66ab48e791df9a03d3f6c0/asgiref-3.11.1.tar.gz", hash = "sha256:5f184dc43b7e763efe848065441eac62229c9f7b0475f41f80e207a114eda4ce", size = 38550, upload-time = "2026-02-03T13:30:14.33Z" }
wheels = [
    { url = "https://files.pythonhosted.org/packages/5c/0a/a72d10ed65068e115044937873362e6e32fab1b7dce0046aeb224682c989/asgiref-3.11.1-py3-none-any.whl", hash = "sha256:e8667a091e69529631969fd45dc268fa79b99c92c5fcdda727757e52146ec133", size = 24345, upload-time = "2026-02-03T13:30:13.039Z" },
]

[[package]]
name = "colorama"
version = "0.4.6"
source = { registry = "https://pypi.org/simple" }
sdist = { url = "https://files.pythonhosted.org/packages/d8/53/6f443c9a4a8358a93a6792e2acffb9d9d5cb0a5cfd8802644b7b1c9a02e4/colorama-0.4.6.tar.gz", hash = "sha256:08695f5cb7ed6e0531a20572697297273c47b8cae5a63ffc6d6ed5c201be6e44", size = 27697, upload-time = "2022-10-25T02:36:22.414Z" }
wheels = [
    { url = "https://files.pythonhosted.org/packages/d1/d6/3965ed04c63042e047cb6a3e6ed1a63a35087b6a609aa3a15ed8ac56c221/colorama-0.4.6-py2.py3-none-any.whl", hash = "sha256:4f1d9991f5acc0ca119f9d443620b77f9d6b33703e51011c16baf57afb285fc6", size = 25335, upload-time = "2022-10-25T02:36:20.889Z" },
]

[[package]]
name = "django"
version = "6.0.3"
source = { registry = "https://pypi.org/simple" }
dependencies = [
    { name = "asgiref" },
    { name = "sqlparse" },
    { name = "tzdata", marker = "sys_platform == 'win32'" },
]
sdist = { url = "https://files.pythonhosted.org/packages/80/e1/894115c6bd70e2c8b66b0c40a3c367d83a5a48c034a4d904d31b62f7c53a/django-6.0.3.tar.gz", hash = "sha256:90be765ee756af8a6cbd6693e56452404b5ad15294f4d5e40c0a55a0f4870fe1", size = 10872701, upload-time = "2026-03-03T13:55:15.026Z" }
wheels = [
    { url = "https://files.pythonhosted.org/packages/72/b1/23f2556967c45e34d3d3cf032eb1bd3ef925ee458667fb99052a0b3ea3a6/django-6.0.3-py3-none-any.whl", hash = "sha256:2e5974441491ddb34c3f13d5e7a9f97b07ba03bf70234c0a9c68b79bbb235bc3", size = 8358527, upload-time = "2026-03-03T13:55:10.552Z" },
]

[[package]]
name = "django-ckeditor"
version = "6.7.3"
source = { registry = "https://pypi.org/simple" }
dependencies = [
    { name = "django" },
    { name = "django-js-asset" },
]
sdist = { url = "https://files.pythonhosted.org/packages/15/6e/7923d3932bcdc6df7deea3d0cc31552144444130e5a2bef669e88c4e8141/django_ckeditor-6.7.3.tar.gz", hash = "sha256:889fd80ee7d368e3c5b828c8dabf8907d56bcad6bf5881f3898416df4f2adfe7", size = 1726851, upload-time = "2025-06-06T10:16:35.748Z" }
wheels = [
    { url = "https://files.pythonhosted.org/packages/d2/03/b2095f13b571ab78b2a3f55d30e2b3f126b3f4f350391037c37c418f7c2f/django_ckeditor-6.7.3-py3-none-any.whl", hash = "sha256:09771c9b8fb33b84bd2767dfc891a24b7fbdb0120910a7ec65b763a4ae6807bb", size = 2455696, upload-time = "2025-06-06T10:16:40.05Z" },
]

[[package]]
name = "django-cors-headers"
version = "4.9.0"
source = { registry = "https://pypi.org/simple" }
dependencies = [
    { name = "asgiref" },
    { name = "django" },
]
sdist = { url = "https://files.pythonhosted.org/packages/21/39/55822b15b7ec87410f34cd16ce04065ff390e50f9e29f31d6d116fc80456/django_cors_headers-4.9.0.tar.gz", hash = "sha256:fe5d7cb59fdc2c8c646ce84b727ac2bca8912a247e6e68e1fb507372178e59e8", size = 21458, upload-time = "2025-09-18T10:40:52.326Z" }
wheels = [
    { url = "https://files.pythonhosted.org/packages/30/d8/19ed1e47badf477d17fb177c1c19b5a21da0fd2d9f093f23be3fb86c5fab/django_cors_headers-4.9.0-py3-none-any.whl", hash = "sha256:15c7f20727f90044dcee2216a9fd7303741a864865f0c3657e28b7056f61b449", size = 12809, upload-time = "2025-09-18T10:40:50.843Z" },
]

[[package]]
name = "django-js-asset"
version = "3.1.2"
source = { registry = "https://pypi.org/simple" }
dependencies = [
    { name = "django" },
]
sdist = { url = "https://files.pythonhosted.org/packages/e6/91/c63f136f553ec24fc46ccf20ac7292a8df04815b383975b6f3f7f0060217/django_js_asset-3.1.2.tar.gz", hash = "sha256:1fc7584199ed1941ed7c8e7b87ca5524bb0f2ba941561d2a104e88ee9f07bedd", size = 9471, upload-time = "2025-03-04T15:22:49.789Z" }
wheels = [
    { url = "https://files.pythonhosted.org/packages/a6/cf/b208767db5e56b5189829f753eec6a14ee75d074922dc2bd19220b22a34d/django_js_asset-3.1.2-py3-none-any.whl", hash = "sha256:b5ffe376aebbd73b7af886d675ac9f43ca63b39540190fa8409c9f8e79145f68", size = 5905, upload-time = "2025-03-04T15:22:51.152Z" },
]

[[package]]
name = "djangorestframework"
version = "3.17.1"
source = { registry = "https://pypi.org/simple" }
dependencies = [
    { name = "django" },
]
sdist = { url = "https://files.pythonhosted.org/packages/ca/d7/c016e69fac19ff8afdc89db9d31d9ae43ae031e4d1993b20aca179b8301a/djangorestframework-3.17.1.tar.gz", hash = "sha256:a6def5f447fe78ff853bff1d47a3c59bf38f5434b031780b351b0c73a62db1a5", size = 905742, upload-time = "2026-03-24T16:58:33.705Z" }
wheels = [
    { url = "https://files.pythonhosted.org/packages/5a/e1/2c516bdc83652b1a60c6119366ac2c0607b479ed05cd6093f916ca8928f8/djangorestframework-3.17.1-py3-none-any.whl", hash = "sha256:c3c74dd3e83a5a3efc37b3c18d92bd6f86a6791c7b7d4dff62bb068500e76457", size = 898844, upload-time = "2026-03-24T16:58:31.845Z" },
]

[[package]]
name = "djangorestframework-simplejwt"
version = "5.5.1"
source = { registry = "https://pypi.org/simple" }
dependencies = [
    { name = "django" },
    { name = "djangorestframework" },
    { name = "pyjwt" },
]
sdist = { url = "https://files.pythonhosted.org/packages/a8/27/2874a325c11112066139769f7794afae238a07ce6adf96259f08fd37a9d7/djangorestframework_simplejwt-5.5.1.tar.gz", hash = "sha256:e72c5572f51d7803021288e2057afcbd03f17fe11d484096f40a460abc76e87f", size = 101265, upload-time = "2025-07-21T16:52:25.026Z" }
wheels = [
    { url = "https://files.pythonhosted.org/packages/60/94/fdfb7b2f0b16cd3ed4d4171c55c1c07a2d1e3b106c5978c8ad0c15b4a48b/djangorestframework_simplejwt-5.5.1-py3-none-any.whl", hash = "sha256:2c30f3707053d384e9f315d11c2daccfcb548d4faa453111ca19a542b732e469", size = 107674, upload-time = "2025-07-21T16:52:07.493Z" },
]

[[package]]
name = "iniconfig"
version = "2.3.0"
source = { registry = "https://pypi.org/simple" }
sdist = { url = "https://files.pythonhosted.org/packages/72/34/14ca021ce8e5dfedc35312d08ba8bf51fdd999c576889fc2c24cb97f4f10/iniconfig-2.3.0.tar.gz", hash = "sha256:c76315c77db068650d49c5b56314774a7804df16fee4402c1f19d6d15d8c4730", size = 20503, upload-time = "2025-10-18T21:55:43.219Z" }
wheels = [
    { url = "https://files.pythonhosted.org/packages/cb/b1/3846dd7f199d53cb17f49cba7e651e9ce294d8497c8c150530ed11865bb8/iniconfig-2.3.0-py3-none-any.whl", hash = "sha256:f631c04d2c48c52b84d0d0549c99ff3859c98df65b3101406327ecc7d53fbf12", size = 7484, upload-time = "2025-10-18T21:55:41.639Z" },
]

[[package]]
name = "makmath"
version = "0.1.0"
source = { virtual = "." }
dependencies = [
    { name = "django" },
    { name = "django-ckeditor" },
    { name = "django-cors-headers" },
    { name = "djangorestframework" },
    { name = "djangorestframework-simplejwt" },
    { name = "psycopg", extra = ["binary"] },
    { name = "pytest" },
    { name = "python-dotenv" },
]

[package.metadata]
requires-dist = [
    { name = "django", specifier = ">=6.0.3" },
    { name = "django-ckeditor", specifier = ">=6.7.3" },
    { name = "django-cors-headers", specifier = ">=4.4.0" },
    { name = "djangorestframework", specifier = ">=3.17.1" },
    { name = "djangorestframework-simplejwt", specifier = ">=5.3.0" },
    { name = "psycopg", extras = ["binary"], specifier = ">=3.2.0" },
    { name = "pytest", specifier = ">=9.0.2" },
    { name = "python-dotenv", specifier = ">=1.2.2" },
]

[[package]]
name = "packaging"
version = "26.0"
source = { registry = "https://pypi.org/simple" }
sdist = { url = "https://files.pythonhosted.org/packages/65/ee/299d360cdc32edc7d2cf530f3accf79c4fca01e96ffc950d8a52213bd8e4/packaging-26.0.tar.gz", hash = "sha256:00243ae351a257117b6a241061796684b084ed1c516a08c48a3f7e147a9d80b4", size = 143416, upload-time = "2026-01-21T20:50:39.064Z" }
wheels = [
    { url = "https://files.pythonhosted.org/packages/b7/b9/c538f279a4e237a006a2c98387d081e9eb060d203d8ed34467cc0f0b9b53/packaging-26.0-py3-none-any.whl", hash = "sha256:b36f1fef9334a5588b4166f8bcd26a14e521f2b55e6b9de3aaa80d3ff7a37529", size = 74366, upload-time = "2026-01-21T20:50:37.788Z" },
]

[[package]]
name = "pluggy"
version = "1.6.0"
source = { registry = "https://pypi.org/simple" }
sdist = { url = "https://files.pythonhosted.org/packages/f9/e2/3e91f31a7d2b083fe6ef3fa267035b518369d9511ffab804f839851d2779/pluggy-1.6.0.tar.gz", hash = "sha256:7dcc130b76258d33b90f61b658791dede3486c3e6bfb003ee5c9bfb396dd22f3", size = 69412, upload-time = "2025-05-15T12:30:07.975Z" }
wheels = [
    { url = "https://files.pythonhosted.org/packages/54/20/4d324d65cc6d9205fabedc306948156824eb9f0ee1633355a8f7ec5c66bf/pluggy-1.6.0-py3-none-any.whl", hash = "sha256:e920276dd6813095e9377c0bc5566d94c932c33b27a3e3945d8389c374dd4746", size = 20538, upload-time = "2025-05-15T12:30:06.134Z" },
]

[[package]]
name = "psycopg"
version = "3.3.3"
source = { registry = "https://pypi.org/simple" }
dependencies = [
    { name = "tzdata", marker = "sys_platform == 'win32'" },
]
sdist = { url = "https://files.pythonhosted.org/packages/d3/b6/379d0a960f8f435ec78720462fd94c4863e7a31237cf81bf76d0af5883bf/psycopg-3.3.3.tar.gz", hash = "sha256:5e9a47458b3c1583326513b2556a2a9473a1001a56c9efe9e587245b43148dd9", size = 165624, upload-time = "2026-02-18T16:52:16.546Z" }
wheels = [
    { url = "https://files.pythonhosted.org/packages/c8/5b/181e2e3becb7672b502f0ed7f16ed7352aca7c109cfb94cf3878a9186db9/psycopg-3.3.3-py3-none-any.whl", hash = "sha256:f96525a72bcfade6584ab17e89de415ff360748c766f0106959144dcbb38c698", size = 212768, upload-time = "2026-02-18T16:46:27.365Z" },
]

[package.optional-dependencies]
binary = [
    { name = "psycopg-binary", marker = "implementation_name != 'pypy'" },
]

[[package]]
name = "psycopg-binary"
version = "3.3.3"
source = { registry = "https://pypi.org/simple" }
wheels = [
    { url = "https://files.pythonhosted.org/packages/03/0a/cac9fdf1df16a269ba0e5f0f06cac61f826c94cadb39df028cdfe19d3a33/psycopg_binary-3.3.3-cp313-cp313-macosx_10_13_x86_64.whl", hash = "sha256:05f32239aec25c5fb15f7948cffdc2dc0dac098e48b80a140e4ba32b572a2e7d", size = 4590414, upload-time = "2026-02-18T16:50:01.441Z" },
    { url = "https://files.pythonhosted.org/packages/9c/c0/d8f8508fbf440edbc0099b1abff33003cd80c9e66eb3a1e78834e3fb4fb9/psycopg_binary-3.3.3-cp313-cp313-macosx_11_0_arm64.whl", hash = "sha256:7c84f9d214f2d1de2fafebc17fa68ac3f6561a59e291553dfc45ad299f4898c1", size = 4669021, upload-time = "2026-02-18T16:50:08.803Z" },
    { url = "https://files.pythonhosted.org/packages/04/05/097016b77e343b4568feddf12c72171fc513acef9a4214d21b9478569068/psycopg_binary-3.3.3-cp313-cp313-manylinux2014_ppc64le.manylinux_2_17_ppc64le.whl", hash = "sha256:e77957d2ba17cada11be09a5066d93026cdb61ada7c8893101d7fe1c6e1f3925", size = 5467453, upload-time = "2026-02-18T16:50:14.985Z" },
    { url = "https://files.pythonhosted.org/packages/91/23/73244e5feb55b5ca109cede6e97f32ef45189f0fdac4c80d75c99862729d/psycopg_binary-3.3.3-cp313-cp313-manylinux2014_x86_64.manylinux_2_17_x86_64.whl", hash = "sha256:42961609ac07c232a427da7c87a468d3c82fee6762c220f38e37cfdacb2b178d", size = 5151135, upload-time = "2026-02-18T16:50:24.82Z" },
    { url = "https://files.pythonhosted.org/packages/11/49/5309473b9803b207682095201d8708bbc7842ddf3f192488a69204e36455/psycopg_binary-3.3.3-cp313-cp313-manylinux_2_27_aarch64.manylinux_2_28_aarch64.whl", hash = "sha256:ae07a3114313dd91fce686cab2f4c44af094398519af0e0f854bc707e1aeedf1", size = 6737315, upload-time = "2026-02-18T16:50:35.106Z" },
    { url = "https://files.pythonhosted.org/packages/d4/5d/03abe74ef34d460b33c4d9662bf6ec1dd38888324323c1a1752133c10377/psycopg_binary-3.3.3-cp313-cp313-manylinux_2_38_riscv64.manylinux_2_39_riscv64.whl", hash = "sha256:d257c58d7b36a621dcce1d01476ad8b60f12d80eb1406aee4cf796f88b2ae482", size = 4979783, upload-time = "2026-02-18T16:50:42.067Z" },
    { url = "https://files.pythonhosted.org/packages/f0/6c/3fbf8e604e15f2f3752900434046c00c90bb8764305a1b81112bff30ba24/psycopg_binary-3.3.3-cp313-cp313-musllinux_1_2_aarch64.whl", hash = "sha256:07c7211f9327d522c9c47560cae00a4ecf6687f4e02d779d035dd3177b41cb12", size = 4509023, upload-time = "2026-02-18T16:50:50.116Z" },
    { url = "https://files.pythonhosted.org/packages/9c/6b/1a06b43b7c7af756c80b67eac8bfaa51d77e68635a8a8d246e4f0bb7604a/psycopg_binary-3.3.3-cp313-cp313-musllinux_1_2_ppc64le.whl", hash = "sha256:8e7e9eca9b363dbedeceeadd8be97149d2499081f3c52d141d7cd1f395a91f83", size = 4185874, upload-time = "2026-02-18T16:50:55.97Z" },
    { url = "https://files.pythonhosted.org/packages/2b/d3/bf49e3dcaadba510170c8d111e5e69e5ae3f981c1554c5bb71c75ce354bb/psycopg_binary-3.3.3-cp313-cp313-musllinux_1_2_riscv64.whl", hash = "sha256:cb85b1d5702877c16f28d7b92ba030c1f49ebcc9b87d03d8c10bf45a2f1c7508", size = 3925668, upload-time = "2026-02-18T16:51:03.299Z" },
    { url = "https://files.pythonhosted.org/packages/f8/92/0aac830ed6a944fe334404e1687a074e4215630725753f0e3e9a9a595b62/psycopg_binary-3.3.3-cp313-cp313-musllinux_1_2_x86_64.whl", hash = "sha256:4d4606c84d04b80f9138d72f1e28c6c02dc5ae0c7b8f3f8aaf89c681ce1cd1b1", size = 4234973, upload-time = "2026-02-18T16:51:09.097Z" },
    { url = "https://files.pythonhosted.org/packages/2e/96/102244653ee5a143ece5afe33f00f52fe64e389dfce8dbc87580c6d70d3d/psycopg_binary-3.3.3-cp313-cp313-win_amd64.whl", hash = "sha256:74eae563166ebf74e8d950ff359be037b85723d99ca83f57d9b244a871d6c13b", size = 3551342, upload-time = "2026-02-18T16:51:13.892Z" },
    { url = "https://files.pythonhosted.org/packages/a2/71/7a57e5b12275fe7e7d84d54113f0226080423a869118419c9106c083a21c/psycopg_binary-3.3.3-cp314-cp314-macosx_10_15_x86_64.whl", hash = "sha256:497852c5eaf1f0c2d88ab74a64a8097c099deac0c71de1cbcf18659a8a04a4b2", size = 4607368, upload-time = "2026-02-18T16:51:19.295Z" },
    { url = "https://files.pythonhosted.org/packages/c7/04/cb834f120f2b2c10d4003515ef9ca9d688115b9431735e3936ae48549af8/psycopg_binary-3.3.3-cp314-cp314-macosx_11_0_arm64.whl", hash = "sha256:258d1ea53464d29768bf25930f43291949f4c7becc706f6e220c515a63a24edd", size = 4687047, upload-time = "2026-02-18T16:51:23.84Z" },
    { url = "https://files.pythonhosted.org/packages/40/e9/47a69692d3da9704468041aa5ed3ad6fc7f6bb1a5ae788d261a26bbca6c7/psycopg_binary-3.3.3-cp314-cp314-manylinux2014_ppc64le.manylinux_2_17_ppc64le.whl", hash = "sha256:111c59897a452196116db12e7f608da472fbff000693a21040e35fc978b23430", size = 5487096, upload-time = "2026-02-18T16:51:29.645Z" },
    { url = "https://files.pythonhosted.org/packages/0b/b6/0e0dd6a2f802864a4ae3dbadf4ec620f05e3904c7842b326aafc43e5f464/psycopg_binary-3.3.3-cp314-cp314-manylinux2014_x86_64.manylinux_2_17_x86_64.whl", hash = "sha256:17bb6600e2455993946385249a3c3d0af52cd70c1c1cdbf712e9d696d0b0bf1b", size = 5168720, upload-time = "2026-02-18T16:51:36.499Z" },
    { url = "https://files.pythonhosted.org/packages/6f/0d/977af38ac19a6b55d22dff508bd743fd7c1901e1b73657e7937c7cccb0a3/psycopg_binary-3.3.3-cp314-cp314-manylinux_2_27_aarch64.manylinux_2_28_aarch64.whl", hash = "sha256:642050398583d61c9856210568eb09a8e4f2fe8224bf3be21b67a370e677eead", size = 6762076, upload-time = "2026-02-18T16:51:43.167Z" },
    { url = "https://files.pythonhosted.org/packages/34/40/912a39d48322cf86895c0eaf2d5b95cb899402443faefd4b09abbba6b6e1/psycopg_binary-3.3.3-cp314-cp314-manylinux_2_38_riscv64.manylinux_2_39_riscv64.whl", hash = "sha256:533efe6dc3a7cba5e2a84e38970786bb966306863e45f3db152007e9f48638a6", size = 4997623, upload-time = "2026-02-18T16:51:47.707Z" },
    { url = "https://files.pythonhosted.org/packages/98/0c/c14d0e259c65dc7be854d926993f151077887391d5a081118907a9d89603/psycopg_binary-3.3.3-cp314-cp314-musllinux_1_2_aarch64.whl", hash = "sha256:5958dbf28b77ce2033482f6cb9ef04d43f5d8f4b7636e6963d5626f000efb23e", size = 4532096, upload-time = "2026-02-18T16:51:51.421Z" },
    { url = "https://files.pythonhosted.org/packages/39/21/8b7c50a194cfca6ea0fd4d1f276158307785775426e90700ab2eba5cd623/psycopg_binary-3.3.3-cp314-cp314-musllinux_1_2_ppc64le.whl", hash = "sha256:a6af77b6626ce92b5817bf294b4d45ec1a6161dba80fc2d82cdffdd6814fd023", size = 4208884, upload-time = "2026-02-18T16:51:57.336Z" },
    { url = "https://files.pythonhosted.org/packages/c7/2c/a4981bf42cf30ebba0424971d7ce70a222ae9b82594c42fc3f2105d7b525/psycopg_binary-3.3.3-cp314-cp314-musllinux_1_2_riscv64.whl", hash = "sha256:47f06fcbe8542b4d96d7392c476a74ada521c5aebdb41c3c0155f6595fc14c8d", size = 3944542, upload-time = "2026-02-18T16:52:04.266Z" },
    { url = "https://files.pythonhosted.org/packages/60/e9/b7c29b56aa0b85a4e0c4d89db691c1ceef08f46a356369144430c155a2f5/psycopg_binary-3.3.3-cp314-cp314-musllinux_1_2_x86_64.whl", hash = "sha256:e7800e6c6b5dc4b0ca7cc7370f770f53ac83886b76afda0848065a674231e856", size = 4254339, upload-time = "2026-02-18T16:52:10.444Z" },
    { url = "https://files.pythonhosted.org/packages/98/5a/291d89f44d3820fffb7a04ebc8f3ef5dda4f542f44a5daea0c55a84abf45/psycopg_binary-3.3.3-cp314-cp314-win_amd64.whl", hash = "sha256:165f22ab5a9513a3d7425ffb7fcc7955ed8ccaeef6d37e369d6cc1dff1582383", size = 3652796, upload-time = "2026-02-18T16:52:14.02Z" },
]

[[package]]
name = "pygments"
version = "2.20.0"
source = { registry = "https://pypi.org/simple" }
sdist = { url = "https://files.pythonhosted.org/packages/c3/b2/bc9c9196916376152d655522fdcebac55e66de6603a76a02bca1b6414f6c/pygments-2.20.0.tar.gz", hash = "sha256:6757cd03768053ff99f3039c1a36d6c0aa0b263438fcab17520b30a303a82b5f", size = 4955991, upload-time = "2026-03-29T13:29:33.898Z" }
wheels = [
    { url = "https://files.pythonhosted.org/packages/f4/7e/a72dd26f3b0f4f2bf1dd8923c85f7ceb43172af56d63c7383eb62b332364/pygments-2.20.0-py3-none-any.whl", hash = "sha256:81a9e26dd42fd28a23a2d169d86d7ac03b46e2f8b59ed4698fb4785f946d0176", size = 1231151, upload-time = "2026-03-29T13:29:30.038Z" },
]

[[package]]
name = "pyjwt"
version = "2.12.1"
source = { registry = "https://pypi.org/simple" }
sdist = { url = "https://files.pythonhosted.org/packages/c2/27/a3b6e5bf6ff856d2509292e95c8f57f0df7017cf5394921fc4e4ef40308a/pyjwt-2.12.1.tar.gz", hash = "sha256:c74a7a2adf861c04d002db713dd85f84beb242228e671280bf709d765b03672b", size = 102564, upload-time = "2026-03-13T19:27:37.25Z" }
wheels = [
    { url = "https://files.pythonhosted.org/packages/e5/7a/8dd906bd22e79e47397a61742927f6747fe93242ef86645ee9092e610244/pyjwt-2.12.1-py3-none-any.whl", hash = "sha256:28ca37c070cad8ba8cd9790cd940535d40274d22f80ab87f3ac6a713e6e8454c", size = 29726, upload-time = "2026-03-13T19:27:35.677Z" },
]

[[package]]
name = "pytest"
version = "9.0.2"
source = { registry = "https://pypi.org/simple" }
dependencies = [
    { name = "colorama", marker = "sys_platform == 'win32'" },
    { name = "iniconfig" },
    { name = "packaging" },
    { name = "pluggy" },
    { name = "pygments" },
]
sdist = { url = "https://files.pythonhosted.org/packages/d1/db/7ef3487e0fb0049ddb5ce41d3a49c235bf9ad299b6a25d5780a89f19230f/pytest-9.0.2.tar.gz", hash = "sha256:75186651a92bd89611d1d9fc20f0b4345fd827c41ccd5c299a868a05d70edf11", size = 1568901, upload-time = "2025-12-06T21:30:51.014Z" }
wheels = [
    { url = "https://files.pythonhosted.org/packages/3b/ab/b3226f0bd7cdcf710fbede2b3548584366da3b19b5021e74f5bde2a8fa3f/pytest-9.0.2-py3-none-any.whl", hash = "sha256:711ffd45bf766d5264d487b917733b453d917afd2b0ad65223959f59089f875b", size = 374801, upload-time = "2025-12-06T21:30:49.154Z" },
]

[[package]]
name = "python-dotenv"
version = "1.2.2"
source = { registry = "https://pypi.org/simple" }
sdist = { url = "https://files.pythonhosted.org/packages/82/ed/0301aeeac3e5353ef3d94b6ec08bbcabd04a72018415dcb29e588514bba8/python_dotenv-1.2.2.tar.gz", hash = "sha256:2c371a91fbd7ba082c2c1dc1f8bf89ca22564a087c2c287cd9b662adde799cf3", size = 50135, upload-time = "2026-03-01T16:00:26.196Z" }
wheels = [
    { url = "https://files.pythonhosted.org/packages/0b/d7/1959b9648791274998a9c3526f6d0ec8fd2233e4d4acce81bbae76b44b2a/python_dotenv-1.2.2-py3-none-any.whl", hash = "sha256:1d8214789a24de455a8b8bd8ae6fe3c6b69a5e3d64aa8a8e5d68e694bbcb285a", size = 22101, upload-time = "2026-03-01T16:00:25.09Z" },
]

[[package]]
name = "sqlparse"
version = "0.5.5"
source = { registry = "https://pypi.org/simple" }
sdist = { url = "https://files.pythonhosted.org/packages/90/76/437d71068094df0726366574cf3432a4ed754217b436eb7429415cf2d480/sqlparse-0.5.5.tar.gz", hash = "sha256:e20d4a9b0b8585fdf63b10d30066c7c94c5d7a7ec47c889a2d83a3caa93ff28e", size = 120815, upload-time = "2025-12-19T07:17:45.073Z" }
wheels = [
    { url = "https://files.pythonhosted.org/packages/49/4b/359f28a903c13438ef59ebeee215fb25da53066db67b305c125f1c6d2a25/sqlparse-0.5.5-py3-none-any.whl", hash = "sha256:12a08b3bf3eec877c519589833aed092e2444e68240a3577e8e26148acc7b1ba", size = 46138, upload-time = "2025-12-19T07:17:46.573Z" },
]

[[package]]
name = "tzdata"
version = "2025.3"
source = { registry = "https://pypi.org/simple" }
sdist = { url = "https://files.pythonhosted.org/packages/5e/a7/c202b344c5ca7daf398f3b8a477eeb205cf3b6f32e7ec3a6bac0629ca975/tzdata-2025.3.tar.gz", hash = "sha256:de39c2ca5dc7b0344f2eba86f49d614019d29f060fc4ebc8a417896a620b56a7", size = 196772, upload-time = "2025-12-13T17:45:35.667Z" }
wheels = [
    { url = "https://files.pythonhosted.org/packages/c7/b0/003792df09decd6849a5e39c28b513c06e84436a54440380862b5aeff25d/tzdata-2025.3-py2.py3-none-any.whl", hash = "sha256:06a47e5700f3081aab02b2e513160914ff0694bce9947d6b76ebd6bf57cfc5d1", size = 348521, upload-time = "2025-12-13T17:45:33.889Z" },
]
